
Microsoft Visual Studio Solution File, Format Version 12.00
# Visual Studio Version 16
VisualStudioVersion = 16.0.29709.97
MinimumVisualStudioVersion = 10.0.40219.1
Project("{FAE04EC0-301F-11D3-BF4B-00C04F79EFBC}") = "WebApiProcessor", "WebApiProcessor\WebApiProcessor.csproj", "{C2448B7D-59B7-40BE-905E-B5C4CF77921F}"
EndProject
Global
	GlobalSection(SolutionConfigurationPlatforms) = preSolution
		Debug|Any CPU = Debug|Any CPU
		Release|Any CPU = Release|Any CPU
	EndGlobalSection
	GlobalSection(ProjectConfigurationPlatforms) = postSolution
		{C2448B7D-59B7-40BE-905E-B5C4CF77921F}.Debug|Any CPU.ActiveCfg = Debug|Any CPU
		{C2448B7D-59B7-40BE-905E-B5C4CF77921F}.Debug|Any CPU.Build.0 = Debug|Any CPU
		{C2448B7D-59B7-40BE-905E-B5C4CF77921F}.Release|Any CPU.ActiveCfg = Release|Any CPU
		{C2448B7D-59B7-40BE-905E-B5C4CF77921F}.Release|Any CPU.Build.0 = Release|Any CPU
	EndGlobalSection
	GlobalSection(SolutionProperties) = preSolution
		HideSolutionNode = FALSE
	EndGlobalSection
	GlobalSection(ExtensibilityGlobals) = postSolution
		SolutionGuid = {C2B7BED7-B3A9-46B6-9BBE-D1547D225D61}
	EndGlobalSection
EndGlobal
